<?xml version="1.0" encoding="utf-8"?>
<Project ToolsVersion="4.0" xmlns="http://schemas.microsoft.com/developer/msbuild/2003">
  <ItemGroup>
    <Filter Include="Source Files">
      <UniqueIdentifier>{4FC737F1-C7A5-4376-A066-2A32D752A2FF}</UniqueIdentifier>
      <Extensions>cpp;c;cc;cxx;def;odl;idl;hpj;bat;asm;asmx</Extensions>
    </Filter>
    <Filter Include="Header Files">
      <UniqueIdentifier>{93995380-89BD-4b04-88EB-625FBE52EBFB}</UniqueIdentifier>
      <Extensions>h;hh;hpp;hxx;hm;inl;inc;xsd</Extensions>
    </Filter>
    <Filter Include="Resource Files">
      <UniqueIdentifier>{67DA6AB6-F800-4c08-8B7A-83BB121AAD01}</UniqueIdentifier>
      <Extensions>rc;ico;cur;bmp;dlg;rc2;rct;bin;rgs;gif;jpg;jpeg;jpe;resx;tiff;tif;png;wav;mfcribbon-ms</Extensions>
    </Filter>
    <Filter Include="Form Files">
      <UniqueIdentifier>{99349809-55BA-4b9d-BF79-8FDBB0286EB3}</UniqueIdentifier>
      <Extensions>ui</Extensions>
    </Filter>
    <Filter Include="Resource Files">
      <UniqueIdentifier>{D9D6E242-F8AF-46E4-B9FD-80ECBC20BA3E}</UniqueIdentifier>
      <Extensions>qrc;*</Extensions>
      <ParseFiles>false</ParseFiles>
    </Filter>
    <Filter Include="Source Files\translator">
      <UniqueIdentifier>{3cea52cc-d530-4211-80c6-190decbb40d2}</UniqueIdentifier>
    </Filter>
    <Filter Include="Header Files\3rd">
      <UniqueIdentifier>{e25c2168-4adc-4b44-a87c-c4d35feec306}</UniqueIdentifier>
    </Filter>
    <Filter Include="Source Files\3rd">
      <UniqueIdentifier>{f6646ed3-da00-4d61-bfce-317e16bb5d4b}</UniqueIdentifier>
    </Filter>
    <Filter Include="Source Files\3rd\hanz2piny">
      <UniqueIdentifier>{daf7932a-d50a-4589-be89-46a6350bc418}</UniqueIdentifier>
    </Filter>
    <Filter Include="Header Files\3rd\hanz2piny">
      <UniqueIdentifier>{158424dd-c24e-4959-9ce2-910d5821a717}</UniqueIdentifier>
    </Filter>
    <Filter Include="Header Files\3rd\utfcpp">
      <UniqueIdentifier>{ab786268-a5af-4f83-88b2-8ebed6b831b3}</UniqueIdentifier>
    </Filter>
    <Filter Include="Header Files\3rd\utfcpp\utf8">
      <UniqueIdentifier>{55263d82-1fd4-488c-81f0-df8dca2ae0dd}</UniqueIdentifier>
    </Filter>
  </ItemGroup>
  <ItemGroup>
    <QtRcc Include="BattlefieldChat.qrc">
      <Filter>Resource Files</Filter>
    </QtRcc>
    <QtMoc Include="BattlefieldChat.h">
      <Filter>Header Files</Filter>
    </QtMoc>
    <ClCompile Include="BattlefieldChat.cpp">
      <Filter>Source Files</Filter>
    </ClCompile>
  </ItemGroup>
  <ItemGroup>
    <ClCompile Include="main.cpp">
      <Filter>Source Files</Filter>
    </ClCompile>
    <ClCompile Include="Offsets.cpp">
      <Filter>Source Files</Filter>
    </ClCompile>
    <ClCompile Include="Pointer.cpp">
      <Filter>Source Files</Filter>
    </ClCompile>
    <ClCompile Include="Utils.cpp">
      <Filter>Source Files</Filter>
    </ClCompile>
    <ClCompile Include="WorkerThread.cpp">
      <Filter>Source Files</Filter>
    </ClCompile>
    <ClCompile Include="GlobalVariables.cpp">
      <Filter>Source Files</Filter>
    </ClCompile>
    <ClCompile Include="Preprocessor.cpp">
      <Filter>Source Files</Filter>
    </ClCompile>
    <ClCompile Include="InputDialog.cpp">
      <Filter>Source Files</Filter>
    </ClCompile>
    <ClCompile Include="BaiduTranslator.cpp">
      <Filter>Source Files\translator</Filter>
    </ClCompile>
    <ClCompile Include="DeepLTranslator.cpp">
      <Filter>Source Files\translator</Filter>
    </ClCompile>
    <ClCompile Include="UpdateCheckerTask.cpp">
      <Filter>Source Files</Filter>
    </ClCompile>
    <ClCompile Include="Log.cpp">
      <Filter>Source Files</Filter>
    </ClCompile>
    <ClCompile Include="3rd\hanz2piny\Hanz2Piny.cpp">
      <Filter>Source Files\3rd\hanz2piny</Filter>
    </ClCompile>
    <ClCompile Include="CountLoaderTask.cpp">
      <Filter>Source Files</Filter>
    </ClCompile>
    <ClCompile Include="TaskExecuteThread.cpp">
      <Filter>Source Files</Filter>
    </ClCompile>
  </ItemGroup>
  <ItemGroup>
    <None Include="cpp.hint" />
  </ItemGroup>
  <ItemGroup>
    <ResourceCompile Include="BattlefieldChat.rc">
      <Filter>Resource Files</Filter>
    </ResourceCompile>
  </ItemGroup>
  <ItemGroup>
    <Image Include="icon1.ico">
      <Filter>Resource Files</Filter>
    </Image>
  </ItemGroup>
  <ItemGroup>
    <QtMoc Include="WorkerThread.h">
      <Filter>Header Files</Filter>
    </QtMoc>
    <QtMoc Include="InputDialog.h">
      <Filter>Header Files</Filter>
    </QtMoc>
    <QtMoc Include="UpdateCheckerTask.h">
      <Filter>Header Files</Filter>
    </QtMoc>
    <QtMoc Include="CountLoaderTask.h">
      <Filter>Header Files</Filter>
    </QtMoc>
    <QtMoc Include="TaskExecuteThread.h">
      <Filter>Header Files</Filter>
    </QtMoc>
  </ItemGroup>
  <ItemGroup>
    <ClInclude Include="Offsets.h">
      <Filter>Header Files</Filter>
    </ClInclude>
    <ClInclude Include="Pointer.h">
      <Filter>Header Files</Filter>
    </ClInclude>
    <ClInclude Include="resource.h">
      <Filter>Header Files</Filter>
    </ClInclude>
    <ClInclude Include="Utils.h">
      <Filter>Header Files</Filter>
    </ClInclude>
    <ClInclude Include="GlobalVariables.h">
      <Filter>Header Files</Filter>
    </ClInclude>
    <ClInclude Include="Preprocessor.h">
      <Filter>Header Files</Filter>
    </ClInclude>
    <ClInclude Include="Translator.h">
      <Filter>Header Files</Filter>
    </ClInclude>
    <ClInclude Include="Log.h">
      <Filter>Header Files</Filter>
    </ClInclude>
    <ClInclude Include="3rd\hanz2piny\Hanz2Piny.h">
      <Filter>Header Files\3rd\hanz2piny</Filter>
    </ClInclude>
    <ClInclude Include="3rd\utfcpp\utf8.h">
      <Filter>Header Files\3rd\utfcpp</Filter>
    </ClInclude>
    <ClInclude Include="3rd\utfcpp\utf8\checked.h">
      <Filter>Header Files\3rd\utfcpp\utf8</Filter>
    </ClInclude>
    <ClInclude Include="3rd\utfcpp\utf8\core.h">
      <Filter>Header Files\3rd\utfcpp\utf8</Filter>
    </ClInclude>
    <ClInclude Include="3rd\utfcpp\utf8\unchecked.h">
      <Filter>Header Files\3rd\utfcpp\utf8</Filter>
    </ClInclude>
  </ItemGroup>
  <ItemGroup>
    <QtUic Include="BattlefieldChat.ui">
      <Filter>Form Files</Filter>
    </QtUic>
    <QtUic Include="InputDialog.ui">
      <Filter>Form Files</Filter>
    </QtUic>
  </ItemGroup>
</Project>